
Microsoft Visual Studio Solution File, Format Version 12.00
# Visual Studio Version 17
VisualStudioVersion = 17.0.31903.59
MinimumVisualStudioVersion = 10.0.40219.1
Project("{FAE04EC0-301F-11D3-BF4B-00C04F79EFBC}") = "PaymentSystem.Domain", "PaymentSystem.Domain\PaymentSystem.Domain.csproj", "{67204F6E-0FB3-4921-A1C7-9899285984FF}"
EndProject
Project("{FAE04EC0-301F-11D3-BF4B-00C04F79EFBC}") = "PaymentSystem.Application", "PaymentSystem.Application\PaymentSystem.Application.csproj", "{CB6DF090-9483-4D97-A1A1-F03AAF99F51F}"
EndProject
Project("{FAE04EC0-301F-11D3-BF4B-00C04F79EFBC}") = "PaymentSystem.Infrastructure", "PaymentSystem.Infrastructure\PaymentSystem.Infrastructure.csproj", "{0C9DBEE0-7A25-488F-8A4F-627FFCC30E50}"
EndProject
Project("{FAE04EC0-301F-11D3-BF4B-00C04F79EFBC}") = "PaymentSystem.WebAPI", "PaymentSystem.WebAPI\PaymentSystem.WebAPI.csproj", "{FA22D048-15A2-40E0-90AB-24CED62791A6}"
EndProject
Global
	GlobalSection(SolutionConfigurationPlatforms) = preSolution
		Debug|Any CPU = Debug|Any CPU
		Debug|x64 = Debug|x64
		Debug|x86 = Debug|x86
		Release|Any CPU = Release|Any CPU
		Release|x64 = Release|x64
		Release|x86 = Release|x86
	EndGlobalSection
	GlobalSection(ProjectConfigurationPlatforms) = postSolution
		{67204F6E-0FB3-4921-A1C7-9899285984FF}.Debug|Any CPU.ActiveCfg = Debug|Any CPU
		{67204F6E-0FB3-4921-A1C7-9899285984FF}.Debug|Any CPU.Build.0 = Debug|Any CPU
		{67204F6E-0FB3-4921-A1C7-9899285984FF}.Debug|x64.ActiveCfg = Debug|Any CPU
		{67204F6E-0FB3-4921-A1C7-9899285984FF}.Debug|x64.Build.0 = Debug|Any CPU
		{67204F6E-0FB3-4921-A1C7-9899285984FF}.Debug|x86.ActiveCfg = Debug|Any CPU
		{67204F6E-0FB3-4921-A1C7-9899285984FF}.Debug|x86.Build.0 = Debug|Any CPU
		{67204F6E-0FB3-4921-A1C7-9899285984FF}.Release|Any CPU.ActiveCfg = Release|Any CPU
		{67204F6E-0FB3-4921-A1C7-9899285984FF}.Release|Any CPU.Build.0 = Release|Any CPU
		{67204F6E-0FB3-4921-A1C7-9899285984FF}.Release|x64.ActiveCfg = Release|Any CPU
		{67204F6E-0FB3-4921-A1C7-9899285984FF}.Release|x64.Build.0 = Release|Any CPU
		{67204F6E-0FB3-4921-A1C7-9899285984FF}.Release|x86.ActiveCfg = Release|Any CPU
		{67204F6E-0FB3-4921-A1C7-9899285984FF}.Release|x86.Build.0 = Release|Any CPU
		{CB6DF090-9483-4D97-A1A1-F03AAF99F51F}.Debug|Any CPU.ActiveCfg = Debug|Any CPU
		{CB6DF090-9483-4D97-A1A1-F03AAF99F51F}.Debug|Any CPU.Build.0 = Debug|Any CPU
		{CB6DF090-9483-4D97-A1A1-F03AAF99F51F}.Debug|x64.ActiveCfg = Debug|Any CPU
		{CB6DF090-9483-4D97-A1A1-F03AAF99F51F}.Debug|x64.Build.0 = Debug|Any CPU
		{CB6DF090-9483-4D97-A1A1-F03AAF99F51F}.Debug|x86.ActiveCfg = Debug|Any CPU
		{CB6DF090-9483-4D97-A1A1-F03AAF99F51F}.Debug|x86.Build.0 = Debug|Any CPU
		{CB6DF090-9483-4D97-A1A1-F03AAF99F51F}.Release|Any CPU.ActiveCfg = Release|Any CPU
		{CB6DF090-9483-4D97-A1A1-F03AAF99F51F}.Release|Any CPU.Build.0 = Release|Any CPU
		{CB6DF090-9483-4D97-A1A1-F03AAF99F51F}.Release|x64.ActiveCfg = Release|Any CPU
		{CB6DF090-9483-4D97-A1A1-F03AAF99F51F}.Release|x64.Build.0 = Release|Any CPU
		{CB6DF090-9483-4D97-A1A1-F03AAF99F51F}.Release|x86.ActiveCfg = Release|Any CPU
		{CB6DF090-9483-4D97-A1A1-F03AAF99F51F}.Release|x86.Build.0 = Release|Any CPU
		{0C9DBEE0-7A25-488F-8A4F-627FFCC30E50}.Debug|Any CPU.ActiveCfg = Debug|Any CPU
		{0C9DBEE0-7A25-488F-8A4F-627FFCC30E50}.Debug|Any CPU.Build.0 = Debug|Any CPU
		{0C9DBEE0-7A25-488F-8A4F-627FFCC30E50}.Debug|x64.ActiveCfg = Debug|Any CPU
		{0C9DBEE0-7A25-488F-8A4F-627FFCC30E50}.Debug|x64.Build.0 = Debug|Any CPU
		{0C9DBEE0-7A25-488F-8A4F-627FFCC30E50}.Debug|x86.ActiveCfg = Debug|Any CPU
		{0C9DBEE0-7A25-488F-8A4F-627FFCC30E50}.Debug|x86.Build.0 = Debug|Any CPU
		{0C9DBEE0-7A25-488F-8A4F-627FFCC30E50}.Release|Any CPU.ActiveCfg = Release|Any CPU
		{0C9DBEE0-7A25-488F-8A4F-627FFCC30E50}.Release|Any CPU.Build.0 = Release|Any CPU
		{0C9DBEE0-7A25-488F-8A4F-627FFCC30E50}.Release|x64.ActiveCfg = Release|Any CPU
		{0C9DBEE0-7A25-488F-8A4F-627FFCC30E50}.Release|x64.Build.0 = Release|Any CPU
		{0C9DBEE0-7A25-488F-8A4F-627FFCC30E50}.Release|x86.ActiveCfg = Release|Any CPU
		{0C9DBEE0-7A25-488F-8A4F-627FFCC30E50}.Release|x86.Build.0 = Release|Any CPU
		{FA22D048-15A2-40E0-90AB-24CED62791A6}.Debug|Any CPU.ActiveCfg = Debug|Any CPU
		{FA22D048-15A2-40E0-90AB-24CED62791A6}.Debug|Any CPU.Build.0 = Debug|Any CPU
		{FA22D048-15A2-40E0-90AB-24CED62791A6}.Debug|x64.ActiveCfg = Debug|Any CPU
		{FA22D048-15A2-40E0-90AB-24CED62791A6}.Debug|x64.Build.0 = Debug|Any CPU
		{FA22D048-15A2-40E0-90AB-24CED62791A6}.Debug|x86.ActiveCfg = Debug|Any CPU
		{FA22D048-15A2-40E0-90AB-24CED62791A6}.Debug|x86.Build.0 = Debug|Any CPU
		{FA22D048-15A2-40E0-90AB-24CED62791A6}.Release|Any CPU.ActiveCfg = Release|Any CPU
		{FA22D048-15A2-40E0-90AB-24CED62791A6}.Release|Any CPU.Build.0 = Release|Any CPU
		{FA22D048-15A2-40E0-90AB-24CED62791A6}.Release|x64.ActiveCfg = Release|Any CPU
		{FA22D048-15A2-40E0-90AB-24CED62791A6}.Release|x64.Build.0 = Release|Any CPU
		{FA22D048-15A2-40E0-90AB-24CED62791A6}.Release|x86.ActiveCfg = Release|Any CPU
		{FA22D048-15A2-40E0-90AB-24CED62791A6}.Release|x86.Build.0 = Release|Any CPU
	EndGlobalSection
	GlobalSection(SolutionProperties) = preSolution
		HideSolutionNode = FALSE
	EndGlobalSection
EndGlobal
